
Microsoft Visual Studio Solution File, Format Version 12.00
# Visual Studio Version 16
VisualStudioVersion = 16.0.29519.181
MinimumVisualStudioVersion = 10.0.40219.1
Project("{FAE04EC0-301F-11D3-BF4B-00C04F79EFBC}") = "MabinogiBackuperLib", "MabinogiBackuperLib\MabinogiBackuperLib.csproj", "{CEEE1FD1-2049-432A-9EB4-F923754F9421}"
EndProject
Project("{FAE04EC0-301F-11D3-BF4B-00C04F79EFBC}") = "MabinogiBackuper", "MabinogiBackuper\MabinogiBackuper.csproj", "{AAF370C9-8291-4D5A-BEB2-9F2BDAAD6847}"
EndProject
Project("{FAE04EC0-301F-11D3-BF4B-00C04F79EFBC}") = "MabinogiLauncherMover", "MabinogiLauncherMover\MabinogiLauncherMover.csproj", "{55799096-A5BF-4AE2-89CE-47632EBEA5B7}"
EndProject
Project("{FAE04EC0-301F-11D3-BF4B-00C04F79EFBC}") = "MabinogiBackuperTest", "MabinogiBackuperTest\MabinogiBackuperTest.csproj", "{6D483003-8264-44C7-9C46-996EBE2EC88B}"
EndProject
Global
	GlobalSection(SolutionConfigurationPlatforms) = preSolution
		Debug|Any CPU = Debug|Any CPU
		Release|Any CPU = Release|Any CPU
	EndGlobalSection
	GlobalSection(ProjectConfigurationPlatforms) = postSolution
		{CEEE1FD1-2049-432A-9EB4-F923754F9421}.Debug|Any CPU.ActiveCfg = Debug|Any CPU
		{CEEE1FD1-2049-432A-9EB4-F923754F9421}.Debug|Any CPU.Build.0 = Debug|Any CPU
		{CEEE1FD1-2049-432A-9EB4-F923754F9421}.Release|Any CPU.ActiveCfg = Release|Any CPU
		{CEEE1FD1-2049-432A-9EB4-F923754F9421}.Release|Any CPU.Build.0 = Release|Any CPU
		{AAF370C9-8291-4D5A-BEB2-9F2BDAAD6847}.Debug|Any CPU.ActiveCfg = Debug|Any CPU
		{AAF370C9-8291-4D5A-BEB2-9F2BDAAD6847}.Debug|Any CPU.Build.0 = Debug|Any CPU
		{AAF370C9-8291-4D5A-BEB2-9F2BDAAD6847}.Release|Any CPU.ActiveCfg = Release|Any CPU
		{AAF370C9-8291-4D5A-BEB2-9F2BDAAD6847}.Release|Any CPU.Build.0 = Release|Any CPU
		{55799096-A5BF-4AE2-89CE-47632EBEA5B7}.Debug|Any CPU.ActiveCfg = Debug|Any CPU
		{55799096-A5BF-4AE2-89CE-47632EBEA5B7}.Debug|Any CPU.Build.0 = Debug|Any CPU
		{55799096-A5BF-4AE2-89CE-47632EBEA5B7}.Release|Any CPU.ActiveCfg = Release|Any CPU
		{55799096-A5BF-4AE2-89CE-47632EBEA5B7}.Release|Any CPU.Build.0 = Release|Any CPU
		{6D483003-8264-44C7-9C46-996EBE2EC88B}.Debug|Any CPU.ActiveCfg = Debug|Any CPU
		{6D483003-8264-44C7-9C46-996EBE2EC88B}.Debug|Any CPU.Build.0 = Debug|Any CPU
		{6D483003-8264-44C7-9C46-996EBE2EC88B}.Release|Any CPU.ActiveCfg = Release|Any CPU
		{6D483003-8264-44C7-9C46-996EBE2EC88B}.Release|Any CPU.Build.0 = Release|Any CPU
	EndGlobalSection
	GlobalSection(SolutionProperties) = preSolution
		HideSolutionNode = FALSE
	EndGlobalSection
	GlobalSection(ExtensibilityGlobals) = postSolution
		SolutionGuid = {F7AF95DF-58CA-4EF5-9C23-9514466A3747}
	EndGlobalSection
EndGlobal
